
Microsoft Visual Studio Solution File, Format Version 12.00
# Visual Studio Version 17
VisualStudioVersion = 17.7.34031.279
MinimumVisualStudioVersion = 10.0.40219.1
Project("{FAE04EC0-301F-11D3-BF4B-00C04F79EFBC}") = "Lab10", "Lab10\Lab10.csproj", "{44E43656-61A3-44CF-A631-5A204E989B52}"
EndProject
Global
	GlobalSection(SolutionConfigurationPlatforms) = preSolution
		Debug|Any CPU = Debug|Any CPU
		Release|Any CPU = Release|Any CPU
	EndGlobalSection
	GlobalSection(ProjectConfigurationPlatforms) = postSolution
		{44E43656-61A3-44CF-A631-5A204E989B52}.Debug|Any CPU.ActiveCfg = Debug|Any CPU
		{44E43656-61A3-44CF-A631-5A204E989B52}.Debug|Any CPU.Build.0 = Debug|Any CPU
		{44E43656-61A3-44CF-A631-5A204E989B52}.Release|Any CPU.ActiveCfg = Release|Any CPU
		{44E43656-61A3-44CF-A631-5A204E989B52}.Release|Any CPU.Build.0 = Release|Any CPU
	EndGlobalSection
	GlobalSection(SolutionProperties) = preSolution
		HideSolutionNode = FALSE
	EndGlobalSection
	GlobalSection(ExtensibilityGlobals) = postSolution
		SolutionGuid = {8BC946D3-8AD4-4D84-BF99-D430E80896EC}
	EndGlobalSection
EndGlobal
